
Microsoft Visual Studio Solution File, Format Version 12.00
# Visual Studio Version 16
VisualStudioVersion = 16.0.32106.194
MinimumVisualStudioVersion = 10.0.40219.1
Project("{FAE04EC0-301F-11D3-BF4B-00C04F79EFBC}") = "WoRCP", "Main\WoRCP.csproj", "{756EEACC-8A08-43D2-953C-6868310CFD00}"
	ProjectSection(ProjectDependencies) = postProject
		{2809EDA6-EF77-4C11-B43E-D3CC4E293D93} = {2809EDA6-EF77-4C11-B43E-D3CC4E293D93}
	EndProjectSection
EndProject
Project("{FAE04EC0-301F-11D3-BF4B-00C04F79EFBC}") = "WoRCP.UI", "UI\WoRCP.UI.csproj", "{2809EDA6-EF77-4C11-B43E-D3CC4E293D93}"
EndProject
Project("{FAE04EC0-301F-11D3-BF4B-00C04F79EFBC}") = "Installer", "Installer\Installer.csproj", "{FBFFE69C-66AF-4853-8B24-74559753B2F8}"
	ProjectSection(ProjectDependencies) = postProject
		{2809EDA6-EF77-4C11-B43E-D3CC4E293D93} = {2809EDA6-EF77-4C11-B43E-D3CC4E293D93}
	EndProjectSection
EndProject
Global
	GlobalSection(SolutionConfigurationPlatforms) = preSolution
		Debug|Any CPU = Debug|Any CPU
		Debug|ARM64 = Debug|ARM64
		Debug|x64 = Debug|x64
		Debug|x86 = Debug|x86
		Release|Any CPU = Release|Any CPU
		Release|ARM64 = Release|ARM64
		Release|x64 = Release|x64
		Release|x86 = Release|x86
	EndGlobalSection
	GlobalSection(ProjectConfigurationPlatforms) = postSolution
		{756EEACC-8A08-43D2-953C-6868310CFD00}.Debug|Any CPU.ActiveCfg = Debug|Any CPU
		{756EEACC-8A08-43D2-953C-6868310CFD00}.Debug|Any CPU.Build.0 = Debug|Any CPU
		{756EEACC-8A08-43D2-953C-6868310CFD00}.Debug|ARM64.ActiveCfg = Debug|x64
		{756EEACC-8A08-43D2-953C-6868310CFD00}.Debug|ARM64.Build.0 = Debug|x64
		{756EEACC-8A08-43D2-953C-6868310CFD00}.Debug|x64.ActiveCfg = Debug|ARM64
		{756EEACC-8A08-43D2-953C-6868310CFD00}.Debug|x64.Build.0 = Debug|ARM64
		{756EEACC-8A08-43D2-953C-6868310CFD00}.Debug|x86.ActiveCfg = Debug|x86
		{756EEACC-8A08-43D2-953C-6868310CFD00}.Debug|x86.Build.0 = Debug|x86
		{756EEACC-8A08-43D2-953C-6868310CFD00}.Release|Any CPU.ActiveCfg = Release|Any CPU
		{756EEACC-8A08-43D2-953C-6868310CFD00}.Release|Any CPU.Build.0 = Release|Any CPU
		{756EEACC-8A08-43D2-953C-6868310CFD00}.Release|ARM64.ActiveCfg = Release|x64
		{756EEACC-8A08-43D2-953C-6868310CFD00}.Release|ARM64.Build.0 = Release|x64
		{756EEACC-8A08-43D2-953C-6868310CFD00}.Release|x64.ActiveCfg = Release|ARM64
		{756EEACC-8A08-43D2-953C-6868310CFD00}.Release|x64.Build.0 = Release|ARM64
		{756EEACC-8A08-43D2-953C-6868310CFD00}.Release|x86.ActiveCfg = Release|x86
		{756EEACC-8A08-43D2-953C-6868310CFD00}.Release|x86.Build.0 = Release|x86
		{2809EDA6-EF77-4C11-B43E-D3CC4E293D93}.Debug|Any CPU.ActiveCfg = Debug|Any CPU
		{2809EDA6-EF77-4C11-B43E-D3CC4E293D93}.Debug|Any CPU.Build.0 = Debug|Any CPU
		{2809EDA6-EF77-4C11-B43E-D3CC4E293D93}.Debug|ARM64.ActiveCfg = Debug|Any CPU
		{2809EDA6-EF77-4C11-B43E-D3CC4E293D93}.Debug|ARM64.Build.0 = Debug|Any CPU
		{2809EDA6-EF77-4C11-B43E-D3CC4E293D93}.Debug|x64.ActiveCfg = Debug|Any CPU
		{2809EDA6-EF77-4C11-B43E-D3CC4E293D93}.Debug|x64.Build.0 = Debug|Any CPU
		{2809EDA6-EF77-4C11-B43E-D3CC4E293D93}.Debug|x86.ActiveCfg = Debug|Any CPU
		{2809EDA6-EF77-4C11-B43E-D3CC4E293D93}.Debug|x86.Build.0 = Debug|Any CPU
		{2809EDA6-EF77-4C11-B43E-D3CC4E293D93}.Release|Any CPU.ActiveCfg = Release|Any CPU
		{2809EDA6-EF77-4C11-B43E-D3CC4E293D93}.Release|Any CPU.Build.0 = Release|Any CPU
		{2809EDA6-EF77-4C11-B43E-D3CC4E293D93}.Release|ARM64.ActiveCfg = Release|Any CPU
		{2809EDA6-EF77-4C11-B43E-D3CC4E293D93}.Release|ARM64.Build.0 = Release|Any CPU
		{2809EDA6-EF77-4C11-B43E-D3CC4E293D93}.Release|x64.ActiveCfg = Release|Any CPU
		{2809EDA6-EF77-4C11-B43E-D3CC4E293D93}.Release|x64.Build.0 = Release|Any CPU
		{2809EDA6-EF77-4C11-B43E-D3CC4E293D93}.Release|x86.ActiveCfg = Release|Any CPU
		{2809EDA6-EF77-4C11-B43E-D3CC4E293D93}.Release|x86.Build.0 = Release|Any CPU
		{FBFFE69C-66AF-4853-8B24-74559753B2F8}.Debug|Any CPU.ActiveCfg = Debug|Any CPU
		{FBFFE69C-66AF-4853-8B24-74559753B2F8}.Debug|Any CPU.Build.0 = Debug|Any CPU
		{FBFFE69C-66AF-4853-8B24-74559753B2F8}.Debug|ARM64.ActiveCfg = Debug|Any CPU
		{FBFFE69C-66AF-4853-8B24-74559753B2F8}.Debug|ARM64.Build.0 = Debug|Any CPU
		{FBFFE69C-66AF-4853-8B24-74559753B2F8}.Debug|x64.ActiveCfg = Debug|Any CPU
		{FBFFE69C-66AF-4853-8B24-74559753B2F8}.Debug|x64.Build.0 = Debug|Any CPU
		{FBFFE69C-66AF-4853-8B24-74559753B2F8}.Debug|x86.ActiveCfg = Debug|Any CPU
		{FBFFE69C-66AF-4853-8B24-74559753B2F8}.Debug|x86.Build.0 = Debug|Any CPU
		{FBFFE69C-66AF-4853-8B24-74559753B2F8}.Release|Any CPU.ActiveCfg = Release|Any CPU
		{FBFFE69C-66AF-4853-8B24-74559753B2F8}.Release|Any CPU.Build.0 = Release|Any CPU
		{FBFFE69C-66AF-4853-8B24-74559753B2F8}.Release|ARM64.ActiveCfg = Release|Any CPU
		{FBFFE69C-66AF-4853-8B24-74559753B2F8}.Release|ARM64.Build.0 = Release|Any CPU
		{FBFFE69C-66AF-4853-8B24-74559753B2F8}.Release|x64.ActiveCfg = Release|Any CPU
		{FBFFE69C-66AF-4853-8B24-74559753B2F8}.Release|x64.Build.0 = Release|Any CPU
		{FBFFE69C-66AF-4853-8B24-74559753B2F8}.Release|x86.ActiveCfg = Release|Any CPU
		{FBFFE69C-66AF-4853-8B24-74559753B2F8}.Release|x86.Build.0 = Release|Any CPU
	EndGlobalSection
	GlobalSection(SolutionProperties) = preSolution
		HideSolutionNode = FALSE
	EndGlobalSection
	GlobalSection(ExtensibilityGlobals) = postSolution
		SolutionGuid = {ED9EC65A-99B4-4F51-B3CC-826AF3B21434}
	EndGlobalSection
EndGlobal
